
Microsoft Visual Studio Solution File, Format Version 12.00
# Visual Studio Version 17
VisualStudioVersion = 17.0.31612.314
MinimumVisualStudioVersion = 10.0.40219.1
Project("{9A19103F-16F7-4668-BE54-9A1E7A4F7556}") = "ProgChallenge", "ProgChallenge.csproj", "{7BE80947-6928-4C3B-9C3E-EDC429BEBBBE}"
EndProject
Global
	GlobalSection(SolutionConfigurationPlatforms) = preSolution
		Debug|Any CPU = Debug|Any CPU
		Release|Any CPU = Release|Any CPU
	EndGlobalSection
	GlobalSection(ProjectConfigurationPlatforms) = postSolution
		{7BE80947-6928-4C3B-9C3E-EDC429BEBBBE}.Debug|Any CPU.ActiveCfg = Debug|Any CPU
		{7BE80947-6928-4C3B-9C3E-EDC429BEBBBE}.Debug|Any CPU.Build.0 = Debug|Any CPU
		{7BE80947-6928-4C3B-9C3E-EDC429BEBBBE}.Release|Any CPU.ActiveCfg = Release|Any CPU
		{7BE80947-6928-4C3B-9C3E-EDC429BEBBBE}.Release|Any CPU.Build.0 = Release|Any CPU
	EndGlobalSection
	GlobalSection(SolutionProperties) = preSolution
		HideSolutionNode = FALSE
	EndGlobalSection
	GlobalSection(ExtensibilityGlobals) = postSolution
		SolutionGuid = {29F8297B-3F8E-487E-BE3B-09F1849025B7}
	EndGlobalSection
EndGlobal
